<?xml version="1.0" encoding="UTF-8" standalone="yes" ?>
<CodeBlocks_project_file>
	<FileVersion major="1" minor="6" />
	<Project>
		<Option title="sdltest" />
		<Option pch_mode="2" />
		<Option compiler="gcc" />
		<Build>
			<Target title="Debug">
				<Option output="bin/Debug/sdltest" prefix_auto="1" extension_auto="1" />
				<Option object_output="obj/Debug/" />
				<Option type="1" />
				<Option compiler="gcc" />
				<Compiler>
					<Add option="-g" />
					<Add directory="include" />
				</Compiler>
			</Target>
			<Target title="Release">
				<Option output="bin/Release/sdltest" prefix_auto="1" extension_auto="1" />
				<Option object_output="obj/Release/" />
				<Option type="1" />
				<Option compiler="gcc" />
				<Compiler>
					<Add option="-O2" />
					<Add directory="include" />
				</Compiler>
				<Linker>
					<Add option="-s" />
				</Linker>
			</Target>
		</Build>
		<Compiler>
			<Add option="-pedantic" />
			<Add option="-Wextra" />
			<Add option="-Wall" />
			<Add option="-std=c++11" />
		</Compiler>
		<Linker>
			<Add option="-lSDL2" />
			<Add option="-lGLESv2" />
			<Add option="-lGLESv1_CM" />
			<Add option="-lEGL" />
		</Linker>
		<Unit filename="include/Camera.h" />
		<Unit filename="include/FlatCube.h" />
		<Unit filename="include/Goon.h" />
		<Unit filename="include/Input_Manager.h" />
		<Unit filename="include/PhongCheckersFloor.h" />
		<Unit filename="include/PhongCube.h" />
		<Unit filename="include/PhongShip.h" />
		<Unit filename="include/PhongStaticCube.h" />
		<Unit filename="include/Sdl_Manager.h" />
		<Unit filename="include/TestCube.h" />
		<Unit filename="include/TestTriangle.h" />
		<Unit filename="include/Time.h" />
		<Unit filename="include/util.h" />
		<Unit filename="main.cpp" />
		<Unit filename="src/Camera.cpp" />
		<Unit filename="src/FlatCube.cpp" />
		<Unit filename="src/Goon.cpp" />
		<Unit filename="src/Input_Manager.cpp" />
		<Unit filename="src/PhongCheckersFloor.cpp" />
		<Unit filename="src/PhongCube.cpp" />
		<Unit filename="src/PhongShip.cpp" />
		<Unit filename="src/PhongStaticCube.cpp" />
		<Unit filename="src/Sdl_Manager.cpp" />
		<Unit filename="src/TestCube.cpp" />
		<Unit filename="src/TestTriangle.cpp" />
		<Unit filename="src/Time.cpp" />
		<Unit filename="src/util.cpp" />
		<Extensions>
			<code_completion />
			<debugger />
		</Extensions>
	</Project>
</CodeBlocks_project_file>
